# This file is automatically @generated by Wally.
# It is not intended for manual editing.
registry = "test"

[[package]]
name = "ryanlua/rojo-showcase-template"
version = "0.1.0"
dependencies = [["topbarplus", "ryanlua/topbarplus@1.0.1"]]

[[package]]
name = "ryanlua/topbarplus"
version = "1.0.1"
dependencies = []
