# This file is automatically @generated by Wally.
# It is not intended for manual editing.
registry = "test"

[[package]]
name = "legitatx/topbarplus"
version = "3.0.5"
dependencies = []

[[package]]
name = "ryanlua/rojo-showcase-template"
version = "0.1.0"
dependencies = [["topbarplus", "legitatx/topbarplus@3.0.5"]]
