# This file is automatically @generated by Wally.
# It is not intended for manual editing.
registry = "test"

[[package]]
name = "1foreverhd/topbarplus"
version = "3.3.1"
dependencies = []

[[package]]
name = "ryanlua/rojo-showcase-template"
version = "0.1.0"
dependencies = [["topbarplus", "1foreverhd/topbarplus@3.3.1"]]
